{
  "name": "client",
  "version": "0.1.0",
  "lockfileVersion": 1,
  "requires": true,
  "dependencies": {
    "@babel/code-frame": {
      "version": "7.8.3",
      "resolved": "https://registry.npm.taobao.org/@babel/code-frame/download/@babel/code-frame-7.8.3.tgz?cache=0&sync_timestamp=1578951720714&other_urls=https%3A%2F%2Fregistry.npm.taobao.org%2F%40babel%2Fcode-frame%2Fdownload%2F%40babel%2Fcode-frame-7.8.3.tgz",
      "integrity": "sha1-M+JZA9dIEYFTThLsCiXxa2/PQZ4=",
      "dev": true,
      "requires": {
        "@babel/highlight": "^7.8.3"
      }
    },
    "@babel/compat-data": {
      "version": "7.9.6",
      "resolved": "https://registry.npm.taobao.org/@babel/compat-data/download/@babel/compat-data-7.9.6.tgz",
      "integrity": "sha1-P2BMQOQgExr/5vLIBS6aJ1riBJs=",
      "dev": true,
      "requires": {
        "browserslist": "^4.11.1",
        "invariant": "^2.2.4",
        "semver": "^5.5.0"
      }
    },
    "@babel/core": {
      "version": "7.9.6",
      "resolved": "https://registry.npm.taobao.org/@babel/core/download/@babel/core-7.9.6.tgz",
      "integrity": "sha1-2aofWAq/OyKG70C2kE05CQTGM3Y=",
      "dev": true,
      "requires": {
        "@babel/code-frame": "^7.8.3",
        "@babel/generator": "^7.9.6",
        "@babel/helper-module-transforms": "^7.9.0",
        "@babel/helpers": "^7.9.6",
        "@babel/parser": "^7.9.6",
        "@babel/template": "^7.8.6",
        "@babel/traverse": "^7.9.6",
        "@babel/types": "^7.9.6",
        "convert-source-map": "^1.7.0",
        "debug": "^4.1.0",
        "gensync": "^1.0.0-beta.1",
        "json5": "^2.1.2",
        "lodash": "^4.17.13",
        "resolve": "^1.3.2",
        "semver": "^5.4.1",
        "source-map": "^0.5.0"
      }
    },
    "@babel/generator": {
      "version": "7.9.6",
      "resolved": "https://registry.npm.taobao.org/@babel/generator/download/@babel/generator-7.9.6.tgz?cache=0&sync_timestamp=1588187312464&other_urls=https%3A%2F%2Fregistry.npm.taobao.org%2F%40babel%2Fgenerator%2Fdownload%2F%40babel%2Fgenerator-7.9.6.tgz",
      "integrity": "sha1-VAjIKsXemM2g132BJOmfofIXCkM=",
      "dev": true,
      "requires": {
        "@babel/types": "^7.9.6",
        "jsesc": "^2.5.1",
        "lodash": "^4.17.13",
        "source-map": "^0.5.0"
      }
    },
    "@babel/helper-annotate-as-pure": {
      